{
  "name": "apollo-test",
  "version": "1.0.0",
  "lockfileVersion": 3,
  "requires": true,
  "packages": {
    "": {
      "name": "apollo-test",
      "version": "1.0.0",
      "license": "ISC",
      "devDependencies": {
        "@grafbase/sdk": "~0.7.1",
        "grafbase": "^0.40.2"
      }
    },
    "node_modules/@grafbase/cli-aarch64-apple-darwin": {
      "version": "0.40.2",
      "resolved": "https://registry.npmjs.org/@grafbase/cli-aarch64-apple-darwin/-/cli-aarch64-apple-darwin-0.40.2.tgz",
      "integrity": "sha512-4FDpAUzNHKCpARzHhpCXW5NxA4MUfX84yfnFg1uV6SjurdsGj7OXn8locEn7LX0/RLXET95JA/cdiiw/4zufRg==",
      "cpu": [
        "arm64"
      ],
      "dev": true,
      "optional": true,
      "os": [
        "darwin"
      ]
    },
    "node_modules/@grafbase/cli-aarch64-unknown-linux-musl": {
      "version": "0.40.2",
      "resolved": "https://registry.npmjs.org/@grafbase/cli-aarch64-unknown-linux-musl/-/cli-aarch64-unknown-linux-musl-0.40.2.tgz",
      "integrity": "sha512-ry6CiK9EtPWGFRhczsJwDDP3BB+CFUPe7mSIWsffVMDxYOk9gaOTRObfdGw2CNe7h49LbZ8VAMsMk48k4dbqmg==",
      "cpu": [
        "arm64"
      ],
      "dev": true,
      "optional": true,
      "os": [
        "linux"
      ]
    },
    "node_modules/@grafbase/cli-x86_64-apple-darwin": {
      "version": "0.40.2",
      "resolved": "https://registry.npmjs.org/@grafbase/cli-x86_64-apple-darwin/-/cli-x86_64-apple-darwin-0.40.2.tgz",
      "integrity": "sha512-n1kddUQmLsSPlycSVpO/RVPfLYBSwcGoLDznN4iqwA4xRY1aPrUWagnppQXg/hf3td5/m5uqSzLvihw8k+NUCA==",
      "cpu": [
        "x64"
      ],
      "dev": true,
      "optional": true,
      "os": [
        "darwin"
      ]
    },
    "node_modules/@grafbase/cli-x86_64-pc-windows-msvc": {
      "version": "0.40.2",
      "resolved": "https://registry.npmjs.org/@grafbase/cli-x86_64-pc-windows-msvc/-/cli-x86_64-pc-windows-msvc-0.40.2.tgz",
      "integrity": "sha512-/uylvCO2JbdFHLbyCD9+PT2hwyVg/56dpW9B6nWGxBcfVkKC0ovRSKwww5biupEUS1mF4htaEyZjfA49IRS+kQ==",
      "cpu": [
        "x64"
      ],
      "dev": true,
      "optional": true,
      "os": [
        "win32"
      ]
    },
    "node_modules/@grafbase/cli-x86_64-unknown-linux-musl": {
      "version": "0.40.2",
      "resolved": "https://registry.npmjs.org/@grafbase/cli-x86_64-unknown-linux-musl/-/cli-x86_64-unknown-linux-musl-0.40.2.tgz",
      "integrity": "sha512-T1cNkuBs91XfSAcvH5W313ArOiarY6klUF1Ti/SBG0Oj+AKBbqf/GogwFvupABymTQPKKldSWfMERSVOidSO8w==",
      "cpu": [
        "x64"
      ],
      "dev": true,
      "optional": true,
      "os": [
        "linux"
      ]
    },
    "node_modules/@grafbase/sdk": {
      "version": "0.7.2",
      "resolved": "https://registry.npmjs.org/@grafbase/sdk/-/sdk-0.7.2.tgz",
      "integrity": "sha512-uEBJlop0ctuv5+fchyqsboUSWD8owsNKJR5l2fWOMBiYWI6+QUvh68L/qaHjOt9uDNwMNsaOUIoJbLHQ24BMPA==",
      "dev": true,
      "dependencies": {
        "dotenv": "^16.1.4",
        "type-fest": "^3.9.0"
      },
      "engines": {
        "node": ">=16.13.0"
      }
    },
    "node_modules/dotenv": {
      "version": "16.3.1",
      "resolved": "https://registry.npmjs.org/dotenv/-/dotenv-16.3.1.tgz",
      "integrity": "sha512-IPzF4w4/Rd94bA9imS68tZBaYyBWSCE47V1RGuMrB94iyTOIEwRmVL2x/4An+6mETpLrKJ5hQkB8W4kFAadeIQ==",
      "dev": true,
      "engines": {
        "node": ">=12"
      },
      "funding": {
        "url": "https://github.com/motdotla/dotenv?sponsor=1"
      }
    },
    "node_modules/grafbase": {
      "version": "0.40.2",
      "resolved": "https://registry.npmjs.org/grafbase/-/grafbase-0.40.2.tgz",
      "integrity": "sha512-irUmDb+1/SSEuCKQID1fLrDF4xQckSpgJcPbpFwUXx1RIMjKpSncmA3mLvWECYZVmdYDTG945EJnNEe7c7IWQA==",
      "dev": true,
      "hasInstallScript": true,
      "bin": {
        "gb": "grafbase",
        "grafbase": "grafbase"
      },
      "optionalDependencies": {
        "@grafbase/cli-aarch64-apple-darwin": "^0.40.2",
        "@grafbase/cli-aarch64-unknown-linux-musl": "^0.40.2",
        "@grafbase/cli-x86_64-apple-darwin": "^0.40.2",
        "@grafbase/cli-x86_64-pc-windows-msvc": "^0.40.2",
        "@grafbase/cli-x86_64-unknown-linux-musl": "^0.40.2"
      }
    },
    "node_modules/type-fest": {
      "version": "3.13.1",
      "resolved": "https://registry.npmjs.org/type-fest/-/type-fest-3.13.1.tgz",
      "integrity": "sha512-tLq3bSNx+xSpwvAJnzrK0Ep5CLNWjvFTOp71URMaAEWBfRb9nnJiBoUe0tF8bI4ZFO3omgBR6NvnbzVUT3Ly4g==",
      "dev": true,
      "engines": {
        "node": ">=14.16"
      },
      "funding": {
        "url": "https://github.com/sponsors/sindresorhus"
      }
    }
  }
}
